
Microsoft Visual Studio Solution File, Format Version 12.00
# Visual Studio Version 17
VisualStudioVersion = 17.7.34202.233
MinimumVisualStudioVersion = 10.0.40219.1
Project("{9A19103F-16F7-4668-BE54-9A1E7A4F7556}") = "WebApp_22_11_2023", "WebApp_22_11_2023.csproj", "{95A87643-5CA0-459A-8CF8-89BCBA4AF694}"
EndProject
Global
	GlobalSection(SolutionConfigurationPlatforms) = preSolution
		Debug|Any CPU = Debug|Any CPU
		Release|Any CPU = Release|Any CPU
	EndGlobalSection
	GlobalSection(ProjectConfigurationPlatforms) = postSolution
		{95A87643-5CA0-459A-8CF8-89BCBA4AF694}.Debug|Any CPU.ActiveCfg = Debug|Any CPU
		{95A87643-5CA0-459A-8CF8-89BCBA4AF694}.Debug|Any CPU.Build.0 = Debug|Any CPU
		{95A87643-5CA0-459A-8CF8-89BCBA4AF694}.Release|Any CPU.ActiveCfg = Release|Any CPU
		{95A87643-5CA0-459A-8CF8-89BCBA4AF694}.Release|Any CPU.Build.0 = Release|Any CPU
	EndGlobalSection
	GlobalSection(SolutionProperties) = preSolution
		HideSolutionNode = FALSE
	EndGlobalSection
	GlobalSection(ExtensibilityGlobals) = postSolution
		SolutionGuid = {A324C243-C9A9-47CA-835A-69B444EDE824}
	EndGlobalSection
EndGlobal
